
Microsoft Visual Studio Solution File, Format Version 12.00
# Visual Studio Version 17
VisualStudioVersion = 17.14.36109.1 d17.14
MinimumVisualStudioVersion = 10.0.40219.1
Project("{2150E333-8FDC-42A3-9474-1A3956D46DE8}") = "src", "src", "{02EA681E-C7D8-13C7-8484-4AC65E1B71E8}"
EndProject
Project("{2150E333-8FDC-42A3-9474-1A3956D46DE8}") = "API", "API", "{D359F66D-0515-452A-8597-89202872FFE3}"
EndProject
Project("{FAE04EC0-301F-11D3-BF4B-00C04F79EFBC}") = "Booking.Api", "src\Booking.Api\Booking.Api.csproj", "{B13C656D-E2B9-484C-A334-0A83B4C04277}"
EndProject
Project("{2150E333-8FDC-42A3-9474-1A3956D46DE8}") = "Common", "Common", "{86E50831-2DF9-43E4-A565-D9D6DA661FB7}"
EndProject
Project("{2150E333-8FDC-42A3-9474-1A3956D46DE8}") = "Infraestructure", "Infraestructure", "{25DC4D45-D136-4F7C-857A-6B19F1B235EF}"
EndProject
Project("{2150E333-8FDC-42A3-9474-1A3956D46DE8}") = "Core", "Core", "{DEBCCC77-E411-418F-89D9-234A591DEB37}"
EndProject
Project("{FAE04EC0-301F-11D3-BF4B-00C04F79EFBC}") = "Booking.Common", "src\Booking.Common\Booking.Common.csproj", "{26B6B9C0-2BB0-49E9-9842-5044F64E8D20}"
EndProject
Project("{FAE04EC0-301F-11D3-BF4B-00C04F79EFBC}") = "Booking.Domain", "src\Booking.Domain\Booking.Domain.csproj", "{6EF105FA-8952-4709-BB3C-B5AC68D9A521}"
EndProject
Project("{FAE04EC0-301F-11D3-BF4B-00C04F79EFBC}") = "Booking.Application", "src\Booking.Application\Booking.Application.csproj", "{7B3E7E6F-CD5A-4172-9967-A44B5FA7F9AE}"
EndProject
Project("{FAE04EC0-301F-11D3-BF4B-00C04F79EFBC}") = "Booking.Persistence", "src\Booking.Persistence\Booking.Persistence.csproj", "{A06A5A4B-B035-4EA1-BBD8-C67787B249B6}"
EndProject
Project("{FAE04EC0-301F-11D3-BF4B-00C04F79EFBC}") = "Booking.External", "src\Booking.External\Booking.External.csproj", "{58674604-FC5D-4222-BA23-3AF6C715C879}"
EndProject
Global
	GlobalSection(SolutionConfigurationPlatforms) = preSolution
		Debug|Any CPU = Debug|Any CPU
		Release|Any CPU = Release|Any CPU
	EndGlobalSection
	GlobalSection(ProjectConfigurationPlatforms) = postSolution
		{B13C656D-E2B9-484C-A334-0A83B4C04277}.Debug|Any CPU.ActiveCfg = Debug|Any CPU
		{B13C656D-E2B9-484C-A334-0A83B4C04277}.Debug|Any CPU.Build.0 = Debug|Any CPU
		{B13C656D-E2B9-484C-A334-0A83B4C04277}.Release|Any CPU.ActiveCfg = Release|Any CPU
		{B13C656D-E2B9-484C-A334-0A83B4C04277}.Release|Any CPU.Build.0 = Release|Any CPU
		{26B6B9C0-2BB0-49E9-9842-5044F64E8D20}.Debug|Any CPU.ActiveCfg = Debug|Any CPU
		{26B6B9C0-2BB0-49E9-9842-5044F64E8D20}.Debug|Any CPU.Build.0 = Debug|Any CPU
		{26B6B9C0-2BB0-49E9-9842-5044F64E8D20}.Release|Any CPU.ActiveCfg = Release|Any CPU
		{26B6B9C0-2BB0-49E9-9842-5044F64E8D20}.Release|Any CPU.Build.0 = Release|Any CPU
		{6EF105FA-8952-4709-BB3C-B5AC68D9A521}.Debug|Any CPU.ActiveCfg = Debug|Any CPU
		{6EF105FA-8952-4709-BB3C-B5AC68D9A521}.Debug|Any CPU.Build.0 = Debug|Any CPU
		{6EF105FA-8952-4709-BB3C-B5AC68D9A521}.Release|Any CPU.ActiveCfg = Release|Any CPU
		{6EF105FA-8952-4709-BB3C-B5AC68D9A521}.Release|Any CPU.Build.0 = Release|Any CPU
		{7B3E7E6F-CD5A-4172-9967-A44B5FA7F9AE}.Debug|Any CPU.ActiveCfg = Debug|Any CPU
		{7B3E7E6F-CD5A-4172-9967-A44B5FA7F9AE}.Debug|Any CPU.Build.0 = Debug|Any CPU
		{7B3E7E6F-CD5A-4172-9967-A44B5FA7F9AE}.Release|Any CPU.ActiveCfg = Release|Any CPU
		{7B3E7E6F-CD5A-4172-9967-A44B5FA7F9AE}.Release|Any CPU.Build.0 = Release|Any CPU
		{A06A5A4B-B035-4EA1-BBD8-C67787B249B6}.Debug|Any CPU.ActiveCfg = Debug|Any CPU
		{A06A5A4B-B035-4EA1-BBD8-C67787B249B6}.Debug|Any CPU.Build.0 = Debug|Any CPU
		{A06A5A4B-B035-4EA1-BBD8-C67787B249B6}.Release|Any CPU.ActiveCfg = Release|Any CPU
		{A06A5A4B-B035-4EA1-BBD8-C67787B249B6}.Release|Any CPU.Build.0 = Release|Any CPU
		{58674604-FC5D-4222-BA23-3AF6C715C879}.Debug|Any CPU.ActiveCfg = Debug|Any CPU
		{58674604-FC5D-4222-BA23-3AF6C715C879}.Debug|Any CPU.Build.0 = Debug|Any CPU
		{58674604-FC5D-4222-BA23-3AF6C715C879}.Release|Any CPU.ActiveCfg = Release|Any CPU
		{58674604-FC5D-4222-BA23-3AF6C715C879}.Release|Any CPU.Build.0 = Release|Any CPU
	EndGlobalSection
	GlobalSection(SolutionProperties) = preSolution
		HideSolutionNode = FALSE
	EndGlobalSection
	GlobalSection(NestedProjects) = preSolution
		{D359F66D-0515-452A-8597-89202872FFE3} = {02EA681E-C7D8-13C7-8484-4AC65E1B71E8}
		{B13C656D-E2B9-484C-A334-0A83B4C04277} = {D359F66D-0515-452A-8597-89202872FFE3}
		{86E50831-2DF9-43E4-A565-D9D6DA661FB7} = {02EA681E-C7D8-13C7-8484-4AC65E1B71E8}
		{25DC4D45-D136-4F7C-857A-6B19F1B235EF} = {02EA681E-C7D8-13C7-8484-4AC65E1B71E8}
		{DEBCCC77-E411-418F-89D9-234A591DEB37} = {02EA681E-C7D8-13C7-8484-4AC65E1B71E8}
		{26B6B9C0-2BB0-49E9-9842-5044F64E8D20} = {86E50831-2DF9-43E4-A565-D9D6DA661FB7}
		{6EF105FA-8952-4709-BB3C-B5AC68D9A521} = {DEBCCC77-E411-418F-89D9-234A591DEB37}
		{7B3E7E6F-CD5A-4172-9967-A44B5FA7F9AE} = {DEBCCC77-E411-418F-89D9-234A591DEB37}
		{A06A5A4B-B035-4EA1-BBD8-C67787B249B6} = {25DC4D45-D136-4F7C-857A-6B19F1B235EF}
		{58674604-FC5D-4222-BA23-3AF6C715C879} = {25DC4D45-D136-4F7C-857A-6B19F1B235EF}
	EndGlobalSection
	GlobalSection(ExtensibilityGlobals) = postSolution
		SolutionGuid = {117735CC-A4A1-4311-8756-9327205034E8}
	EndGlobalSection
EndGlobal
